
Microsoft Visual Studio Solution File, Format Version 12.00
# Visual Studio Version 16
VisualStudioVersion = 16.0.29728.190
MinimumVisualStudioVersion = 10.0.40219.1
Project("{FAE04EC0-301F-11D3-BF4B-00C04F79EFBC}") = "ReferenceToAzureBlobStorageSdkV12", "ReferenceToAzureBlobStorageSdkV12.csproj", "{D12BCADF-BEB1-4A34-AB72-5793C9F38947}"
EndProject
Global
	GlobalSection(SolutionConfigurationPlatforms) = preSolution
		Debug|Any CPU = Debug|Any CPU
		Release|Any CPU = Release|Any CPU
	EndGlobalSection
	GlobalSection(ProjectConfigurationPlatforms) = postSolution
		{D12BCADF-BEB1-4A34-AB72-5793C9F38947}.Debug|Any CPU.ActiveCfg = Debug|Any CPU
		{D12BCADF-BEB1-4A34-AB72-5793C9F38947}.Debug|Any CPU.Build.0 = Debug|Any CPU
		{D12BCADF-BEB1-4A34-AB72-5793C9F38947}.Release|Any CPU.ActiveCfg = Release|Any CPU
		{D12BCADF-BEB1-4A34-AB72-5793C9F38947}.Release|Any CPU.Build.0 = Release|Any CPU
	EndGlobalSection
	GlobalSection(SolutionProperties) = preSolution
		HideSolutionNode = FALSE
	EndGlobalSection
	GlobalSection(ExtensibilityGlobals) = postSolution
		SolutionGuid = {FE564175-0B80-40DC-B291-94D45959C7F0}
	EndGlobalSection
EndGlobal
